
Microsoft Visual Studio Solution File, Format Version 12.00
# Visual Studio Version 17
VisualStudioVersion = 17.14.36408.4
MinimumVisualStudioVersion = 10.0.40219.1
Project("{FAE04EC0-301F-11D3-BF4B-00C04F79EFBC}") = "WarehouseApp", "WarehouseApp\WarehouseApp.csproj", "{65AF50F0-D622-4717-9292-BC06F568589C}"
EndProject
Global
	GlobalSection(SolutionConfigurationPlatforms) = preSolution
		Debug|Any CPU = Debug|Any CPU
		Release|Any CPU = Release|Any CPU
	EndGlobalSection
	GlobalSection(ProjectConfigurationPlatforms) = postSolution
		{65AF50F0-D622-4717-9292-BC06F568589C}.Debug|Any CPU.ActiveCfg = Debug|Any CPU
		{65AF50F0-D622-4717-9292-BC06F568589C}.Debug|Any CPU.Build.0 = Debug|Any CPU
		{65AF50F0-D622-4717-9292-BC06F568589C}.Release|Any CPU.ActiveCfg = Release|Any CPU
		{65AF50F0-D622-4717-9292-BC06F568589C}.Release|Any CPU.Build.0 = Release|Any CPU
	EndGlobalSection
	GlobalSection(SolutionProperties) = preSolution
		HideSolutionNode = FALSE
	EndGlobalSection
	GlobalSection(ExtensibilityGlobals) = postSolution
		SolutionGuid = {E4B7FB74-6473-4D9F-BDAB-EB23B3968B38}
	EndGlobalSection
EndGlobal
