
Microsoft Visual Studio Solution File, Format Version 12.00
# Visual Studio Version 18
VisualStudioVersion = 18.4.11626.88 stable
MinimumVisualStudioVersion = 10.0.40219.1
Project("{FAE04EC0-301F-11D3-BF4B-00C04F79EFBC}") = "WP.BusinessLogic", "WP.BusinessLogic\WP.BusinessLogic.csproj", "{6A9198FF-41AE-4E41-BCFA-5BE4A5100891}"
EndProject
Project("{FAE04EC0-301F-11D3-BF4B-00C04F79EFBC}") = "WP.DataAccess", "WP.DataAccess\WP.DataAccess.csproj", "{FF247134-8077-4707-A629-BF5C23E23970}"
EndProject
Project("{FAE04EC0-301F-11D3-BF4B-00C04F79EFBC}") = "WP.DataAccess.ApplicationDb", "WP.DataAccess.ApplicationDb\WP.DataAccess.ApplicationDb.csproj", "{A6471C45-01E8-4585-87B3-0248CD194A03}"
EndProject
Project("{FAE04EC0-301F-11D3-BF4B-00C04F79EFBC}") = "WP-Host", "WP-Host\WP-Host.csproj", "{5EFD0AD4-46E9-2838-934A-0053009039DD}"
EndProject
Project("{FAE04EC0-301F-11D3-BF4B-00C04F79EFBC}") = "WP.Infrastructure", "WP.Infrastructure\WP.Infrastructure.csproj", "{A7F896BB-0184-90CB-ABEA-0A2F74FE4CEC}"
EndProject
Global
	GlobalSection(SolutionConfigurationPlatforms) = preSolution
		Debug|Any CPU = Debug|Any CPU
		Release|Any CPU = Release|Any CPU
	EndGlobalSection
	GlobalSection(ProjectConfigurationPlatforms) = postSolution
		{6A9198FF-41AE-4E41-BCFA-5BE4A5100891}.Debug|Any CPU.ActiveCfg = Debug|Any CPU
		{6A9198FF-41AE-4E41-BCFA-5BE4A5100891}.Debug|Any CPU.Build.0 = Debug|Any CPU
		{6A9198FF-41AE-4E41-BCFA-5BE4A5100891}.Release|Any CPU.ActiveCfg = Release|Any CPU
		{6A9198FF-41AE-4E41-BCFA-5BE4A5100891}.Release|Any CPU.Build.0 = Release|Any CPU
		{FF247134-8077-4707-A629-BF5C23E23970}.Debug|Any CPU.ActiveCfg = Debug|Any CPU
		{FF247134-8077-4707-A629-BF5C23E23970}.Debug|Any CPU.Build.0 = Debug|Any CPU
		{FF247134-8077-4707-A629-BF5C23E23970}.Release|Any CPU.ActiveCfg = Release|Any CPU
		{FF247134-8077-4707-A629-BF5C23E23970}.Release|Any CPU.Build.0 = Release|Any CPU
		{A6471C45-01E8-4585-87B3-0248CD194A03}.Debug|Any CPU.ActiveCfg = Debug|Any CPU
		{A6471C45-01E8-4585-87B3-0248CD194A03}.Debug|Any CPU.Build.0 = Debug|Any CPU
		{A6471C45-01E8-4585-87B3-0248CD194A03}.Release|Any CPU.ActiveCfg = Release|Any CPU
		{A6471C45-01E8-4585-87B3-0248CD194A03}.Release|Any CPU.Build.0 = Release|Any CPU
		{5EFD0AD4-46E9-2838-934A-0053009039DD}.Debug|Any CPU.ActiveCfg = Debug|Any CPU
		{5EFD0AD4-46E9-2838-934A-0053009039DD}.Debug|Any CPU.Build.0 = Debug|Any CPU
		{5EFD0AD4-46E9-2838-934A-0053009039DD}.Release|Any CPU.ActiveCfg = Release|Any CPU
		{5EFD0AD4-46E9-2838-934A-0053009039DD}.Release|Any CPU.Build.0 = Release|Any CPU
		{A7F896BB-0184-90CB-ABEA-0A2F74FE4CEC}.Debug|Any CPU.ActiveCfg = Debug|Any CPU
		{A7F896BB-0184-90CB-ABEA-0A2F74FE4CEC}.Debug|Any CPU.Build.0 = Debug|Any CPU
		{A7F896BB-0184-90CB-ABEA-0A2F74FE4CEC}.Release|Any CPU.ActiveCfg = Release|Any CPU
		{A7F896BB-0184-90CB-ABEA-0A2F74FE4CEC}.Release|Any CPU.Build.0 = Release|Any CPU
	EndGlobalSection
	GlobalSection(SolutionProperties) = preSolution
		HideSolutionNode = FALSE
	EndGlobalSection
	GlobalSection(ExtensibilityGlobals) = postSolution
		SolutionGuid = {3FA3F9C7-E4AF-48ED-A3A2-27A683AE6B41}
	EndGlobalSection
EndGlobal
